# This file is autogenerated, do not edit; changes may be undone by the next 'dep ensure'.


[[projects]]
  name = "github.com/kubeless/kubeless"
  packages = ["pkg/functions"]
  revision = "3bec4b65f29d830bd6709abb07e00f11fe54d646"
  version = "v0.6.0"

[[projects]]
  name = "github.com/segmentio/kafka-go"
  packages = ["."]
  revision = "48c37f796910d8154479aaa04ade5843ae4f55d0"
  version = "v0.1.0"

[[projects]]
  branch = "master"
  name = "golang.org/x/net"
  packages = ["context"]
  revision = "26e67e76b6c3f6ce91f7c52def5af501b4e0f3a2"

[solve-meta]
  analyzer-name = "dep"
  analyzer-version = 1
  inputs-digest = "3d6f63c29af7073feba23502f69ed2baaf63567633d42dbb12334489405aa28b"
  solver-name = "gps-cdcl"
  solver-version = 1
